
Microsoft Visual Studio Solution File, Format Version 12.00
# Visual Studio Version 17
VisualStudioVersion = 17.5.002.0
MinimumVisualStudioVersion = 10.0.40219.1
Project("{9A19103F-16F7-4668-BE54-9A1E7A4F7556}") = "myapp", "myapp.csproj", "{CF9973A4-E20C-4DB9-922E-9DB2DAF70383}"
EndProject
Global
	GlobalSection(SolutionConfigurationPlatforms) = preSolution
		Debug|Any CPU = Debug|Any CPU
		Release|Any CPU = Release|Any CPU
	EndGlobalSection
	GlobalSection(ProjectConfigurationPlatforms) = postSolution
		{CF9973A4-E20C-4DB9-922E-9DB2DAF70383}.Debug|Any CPU.ActiveCfg = Debug|Any CPU
		{CF9973A4-E20C-4DB9-922E-9DB2DAF70383}.Debug|Any CPU.Build.0 = Debug|Any CPU
		{CF9973A4-E20C-4DB9-922E-9DB2DAF70383}.Release|Any CPU.ActiveCfg = Release|Any CPU
		{CF9973A4-E20C-4DB9-922E-9DB2DAF70383}.Release|Any CPU.Build.0 = Release|Any CPU
	EndGlobalSection
	GlobalSection(SolutionProperties) = preSolution
		HideSolutionNode = FALSE
	EndGlobalSection
	GlobalSection(ExtensibilityGlobals) = postSolution
		SolutionGuid = {A9C17D2E-D519-4776-AD4C-596F2F35D3A6}
	EndGlobalSection
EndGlobal
